
Microsoft Visual Studio Solution File, Format Version 12.00
# Visual Studio Version 16
VisualStudioVersion = 16.0.30523.141
MinimumVisualStudioVersion = 10.0.40219.1
Project("{FAE04EC0-301F-11D3-BF4B-00C04F79EFBC}") = "CapstonePigLatin", "CapstonePigLatin.csproj", "{4823E2B2-35C3-4244-9CEE-CCC3313E1AA5}"
EndProject
Global
	GlobalSection(SolutionConfigurationPlatforms) = preSolution
		Debug|Any CPU = Debug|Any CPU
		Release|Any CPU = Release|Any CPU
	EndGlobalSection
	GlobalSection(ProjectConfigurationPlatforms) = postSolution
		{4823E2B2-35C3-4244-9CEE-CCC3313E1AA5}.Debug|Any CPU.ActiveCfg = Debug|Any CPU
		{4823E2B2-35C3-4244-9CEE-CCC3313E1AA5}.Debug|Any CPU.Build.0 = Debug|Any CPU
		{4823E2B2-35C3-4244-9CEE-CCC3313E1AA5}.Release|Any CPU.ActiveCfg = Release|Any CPU
		{4823E2B2-35C3-4244-9CEE-CCC3313E1AA5}.Release|Any CPU.Build.0 = Release|Any CPU
	EndGlobalSection
	GlobalSection(SolutionProperties) = preSolution
		HideSolutionNode = FALSE
	EndGlobalSection
	GlobalSection(ExtensibilityGlobals) = postSolution
		SolutionGuid = {D50AEA04-4818-48C9-9B51-054E7E891000}
	EndGlobalSection
EndGlobal
